
Microsoft Visual Studio Solution File, Format Version 12.00
# Visual Studio Version 17
VisualStudioVersion = 17.14.36930.0 d17.14
MinimumVisualStudioVersion = 10.0.40219.1
Project("{FAE04EC0-301F-11D3-BF4B-00C04F79EFBC}") = "randomNumberGuess", "randomNumberGuess\randomNumberGuess.csproj", "{2C4CF91E-723C-407A-AC85-9C13943BA903}"
EndProject
Global
	GlobalSection(SolutionConfigurationPlatforms) = preSolution
		Debug|Any CPU = Debug|Any CPU
		Release|Any CPU = Release|Any CPU
	EndGlobalSection
	GlobalSection(ProjectConfigurationPlatforms) = postSolution
		{2C4CF91E-723C-407A-AC85-9C13943BA903}.Debug|Any CPU.ActiveCfg = Debug|Any CPU
		{2C4CF91E-723C-407A-AC85-9C13943BA903}.Debug|Any CPU.Build.0 = Debug|Any CPU
		{2C4CF91E-723C-407A-AC85-9C13943BA903}.Release|Any CPU.ActiveCfg = Release|Any CPU
		{2C4CF91E-723C-407A-AC85-9C13943BA903}.Release|Any CPU.Build.0 = Release|Any CPU
	EndGlobalSection
	GlobalSection(SolutionProperties) = preSolution
		HideSolutionNode = FALSE
	EndGlobalSection
	GlobalSection(ExtensibilityGlobals) = postSolution
		SolutionGuid = {46596D9D-ACCC-4F64-AFB3-33A2DE116DD2}
	EndGlobalSection
EndGlobal
